{
  "nodes": {
    "agenix": {
      "inputs": {
        "nixpkgs": [
          "nixpkgs"
        ]
      },
      "locked": {
        "lastModified": 1665870395,
        "narHash": "sha256-Tsbqb27LDNxOoPLh0gw2hIb6L/6Ow/6lIBvqcHzEKBI=",
        "owner": "ryantm",
        "repo": "agenix",
        "rev": "a630400067c6d03c9b3e0455347dc8559db14288",
        "type": "github"
      },
      "original": {
        "owner": "ryantm",
        "repo": "agenix",
        "type": "github"
      }
    },
    "home-manager": {
      "inputs": {
        "nixpkgs": [
          "nixpkgs"
        ]
      },
      "locked": {
        "lastModified": 1667216695,
        "narHash": "sha256-xz6IKKXP/wQUUXUJGwWNpXqNc9x/zq0K+KZLXj47rx0=",
        "owner": "nix-community",
        "repo": "home-manager",
        "rev": "d8b233ad03dd3d82424561512b40971569b2e5d2",
        "type": "github"
      },
      "original": {
        "owner": "nix-community",
        "ref": "release-22.05",
        "repo": "home-manager",
        "type": "github"
      }
    },
    "nixpkgs": {
      "locked": {
        "lastModified": 1667142599,
        "narHash": "sha256-OLJxsg9VqfKjFkerOxWtNIkibsCvxsv5A8wNWO1MeWk=",
        "owner": "nixos",
        "repo": "nixpkgs",
        "rev": "412b9917cea092f3d39f9cd5dead4effd5bc4053",
        "type": "github"
      },
      "original": {
        "owner": "nixos",
        "ref": "nixos-unstable",
        "repo": "nixpkgs",
        "type": "github"
      }
    },
    "nur": {
      "locked": {
        "lastModified": 1667225965,
        "narHash": "sha256-nbBuYU0I7zeJ9pxFa8siEEfgxjWUa1ovSQA3hr9e8IM=",
        "owner": "nix-community",
        "repo": "NUR",
        "rev": "70955c1528c5fadf8f9664dbae92c96bcaeebba0",
        "type": "github"
      },
      "original": {
        "owner": "nix-community",
        "repo": "NUR",
        "type": "github"
      }
    },
    "pkgs-overlay": {
      "inputs": {
        "nixpkgs": [
          "nixpkgs"
        ]
      },
      "locked": {
        "lastModified": 1666372285,
        "narHash": "sha256-iIrb3URs7h3VdUNhQ+izlNsbcW0nztK2/KfVAJXeBI0=",
        "ref": "main",
        "rev": "0229f7b9fffdfb26e5bc88a260ec2186d6adeadb",
        "revCount": 11,
        "type": "git",
        "url": "https://git.frsqr.xyz/firesquare/nur"
      },
      "original": {
        "ref": "main",
        "type": "git",
        "url": "https://git.frsqr.xyz/firesquare/nur"
      }
    },
    "root": {
      "inputs": {
        "agenix": "agenix",
        "home-manager": "home-manager",
        "nixpkgs": "nixpkgs",
        "nur": "nur",
        "pkgs-overlay": "pkgs-overlay"
      }
    }
  },
  "root": "root",
  "version": 7
}
